
Microsoft Visual Studio Solution File, Format Version 12.00
# Visual Studio Version 16
VisualStudioVersion = 16.0.32106.194
MinimumVisualStudioVersion = 10.0.40219.1
Project("{9A19103F-16F7-4668-BE54-9A1E7A4F7556}") = "IESUX", "IESUX\IESUX.csproj", "{8FCCE184-F0A9-407B-AB48-675E0B3652CA}"
EndProject
Project("{FAE04EC0-301F-11D3-BF4B-00C04F79EFBC}") = "DemoSimpleHTTPServer", "DemoSimpleHTTPServer\DemoSimpleHTTPServer.csproj", "{8F0212B5-D73F-4DF2-A92D-60F28B786257}"
EndProject
Project("{FAE04EC0-301F-11D3-BF4B-00C04F79EFBC}") = "IESRepository", "IESRepository\IESRepository.csproj", "{2627B69F-1945-4053-BCF4-6602C2D44307}"
EndProject
Project("{FAE04EC0-301F-11D3-BF4B-00C04F79EFBC}") = "IESModels", "IESModels\IESModels.csproj", "{F587A33C-F131-4604-A1A7-099DC4BF1DB6}"
EndProject
Project("{FAE04EC0-301F-11D3-BF4B-00C04F79EFBC}") = "IESBusiness", "IESBusiness\IESBusiness.csproj", "{26391D05-E0DC-48B8-851E-40A3B5D55615}"
EndProject
Global
	GlobalSection(SolutionConfigurationPlatforms) = preSolution
		Debug|Any CPU = Debug|Any CPU
		Release|Any CPU = Release|Any CPU
	EndGlobalSection
	GlobalSection(ProjectConfigurationPlatforms) = postSolution
		{8FCCE184-F0A9-407B-AB48-675E0B3652CA}.Debug|Any CPU.ActiveCfg = Debug|Any CPU
		{8FCCE184-F0A9-407B-AB48-675E0B3652CA}.Debug|Any CPU.Build.0 = Debug|Any CPU
		{8FCCE184-F0A9-407B-AB48-675E0B3652CA}.Release|Any CPU.ActiveCfg = Release|Any CPU
		{8FCCE184-F0A9-407B-AB48-675E0B3652CA}.Release|Any CPU.Build.0 = Release|Any CPU
		{8F0212B5-D73F-4DF2-A92D-60F28B786257}.Debug|Any CPU.ActiveCfg = Debug|Any CPU
		{8F0212B5-D73F-4DF2-A92D-60F28B786257}.Debug|Any CPU.Build.0 = Debug|Any CPU
		{8F0212B5-D73F-4DF2-A92D-60F28B786257}.Release|Any CPU.ActiveCfg = Release|Any CPU
		{8F0212B5-D73F-4DF2-A92D-60F28B786257}.Release|Any CPU.Build.0 = Release|Any CPU
		{2627B69F-1945-4053-BCF4-6602C2D44307}.Debug|Any CPU.ActiveCfg = Debug|Any CPU
		{2627B69F-1945-4053-BCF4-6602C2D44307}.Debug|Any CPU.Build.0 = Debug|Any CPU
		{2627B69F-1945-4053-BCF4-6602C2D44307}.Release|Any CPU.ActiveCfg = Release|Any CPU
		{2627B69F-1945-4053-BCF4-6602C2D44307}.Release|Any CPU.Build.0 = Release|Any CPU
		{F587A33C-F131-4604-A1A7-099DC4BF1DB6}.Debug|Any CPU.ActiveCfg = Debug|Any CPU
		{F587A33C-F131-4604-A1A7-099DC4BF1DB6}.Debug|Any CPU.Build.0 = Debug|Any CPU
		{F587A33C-F131-4604-A1A7-099DC4BF1DB6}.Release|Any CPU.ActiveCfg = Release|Any CPU
		{F587A33C-F131-4604-A1A7-099DC4BF1DB6}.Release|Any CPU.Build.0 = Release|Any CPU
		{26391D05-E0DC-48B8-851E-40A3B5D55615}.Debug|Any CPU.ActiveCfg = Debug|Any CPU
		{26391D05-E0DC-48B8-851E-40A3B5D55615}.Debug|Any CPU.Build.0 = Debug|Any CPU
		{26391D05-E0DC-48B8-851E-40A3B5D55615}.Release|Any CPU.ActiveCfg = Release|Any CPU
		{26391D05-E0DC-48B8-851E-40A3B5D55615}.Release|Any CPU.Build.0 = Release|Any CPU
	EndGlobalSection
	GlobalSection(SolutionProperties) = preSolution
		HideSolutionNode = FALSE
	EndGlobalSection
	GlobalSection(ExtensibilityGlobals) = postSolution
		SolutionGuid = {B1165780-A3CE-4EB4-B462-88D90BF61282}
	EndGlobalSection
EndGlobal
